{
  "name": "create-webmcp-package-skill",
  "lockfileVersion": 3,
  "requires": true,
  "packages": {
    "": {
      "name": "create-webmcp-package-skill",
      "dependencies": {
        "@webmcp-today/schema": "0.3.0"
      },
      "engines": {
        "node": ">=20"
      }
    },
    "node_modules/@jmespath-community/jmespath": {
      "version": "1.3.0",
      "resolved": "https://registry.npmjs.org/@jmespath-community/jmespath/-/jmespath-1.3.0.tgz",
      "integrity": "sha512-nzOrEdWKNpognj6CT+1Atr7gw0bqUC1KTBRyasBXS9NjFpz+og7LeFZrIQqV81GRcCzKa5H+DNipvv7NQK3GzA==",
      "license": "MPL-2.0",
      "bin": {
        "jp": "dist/cli.mjs"
      },
      "engines": {
        "node": ">=14.0.0"
      }
    },
    "node_modules/@webmcp-today/schema": {
      "version": "0.3.0",
      "resolved": "https://registry.npmjs.org/@webmcp-today/schema/-/schema-0.3.0.tgz",
      "integrity": "sha512-nGC0WmeV7QjLpT3hh79y+T3MFy34Ab1wX9PvjzUzVL2hY/hB8qVUHC6rBaJf/PEFZP49aPUe6FHSy3d/15rEOw==",
      "license": "MIT",
      "dependencies": {
        "@jmespath-community/jmespath": "1.3.0",
        "tldts": "7.4.10",
        "zod": "^4.0.0"
      }
    },
    "node_modules/tldts": {
      "version": "7.4.10",
      "resolved": "https://registry.npmjs.org/tldts/-/tldts-7.4.10.tgz",
      "integrity": "sha512-GgouD1B+sWwvkaEq8vXC15DjQitxbvs12oIXELpconwm+Tg3zfcEv4jgzq3vtKverDXsg3VI8aRgNL2Nra0Iog==",
      "license": "MIT",
      "dependencies": {
        "tldts-core": "^7.4.10"
      },
      "bin": {
        "tldts": "bin/cli.js"
      }
    },
    "node_modules/tldts-core": {
      "version": "7.4.10",
      "resolved": "https://registry.npmjs.org/tldts-core/-/tldts-core-7.4.10.tgz",
      "integrity": "sha512-KnQjp53ZekKgm/r3l+u8kJGGzYgrWdP8+Mql7a4vijh2WE0IrZWspQj/TpTxDho/YxO+AnOZnIjQcCD+q6iJsw==",
      "license": "MIT"
    },
    "node_modules/zod": {
      "version": "4.4.3",
      "resolved": "https://registry.npmjs.org/zod/-/zod-4.4.3.tgz",
      "integrity": "sha512-ytENFjIJFl2UwYglde2jchW2Hwm4GJFLDiSXWdTrJQBIN9Fcyp7n4DhxJEiWNAJMV1/BqWfW/kkg71UDcHJyTQ==",
      "license": "MIT",
      "funding": {
        "url": "https://github.com/sponsors/colinhacks"
      }
    }
  }
}
